
Microsoft Visual Studio Solution File, Format Version 12.00
# Visual Studio Version 17
VisualStudioVersion = 17.0.31903.59
MinimumVisualStudioVersion = 10.0.40219.1
Project("{2150E333-8FDC-42A3-9474-1A3956D46DE8}") = "src", "src", "{1ABA523A-EBA1-429A-85E6-D731546E0615}"
EndProject
Project("{2150E333-8FDC-42A3-9474-1A3956D46DE8}") = "Services", "Services", "{8A318E0C-5DC8-4A19-863F-C5A2D2EF6D05}"
EndProject
Project("{2150E333-8FDC-42A3-9474-1A3956D46DE8}") = "Person", "Person", "{B97621B3-9616-4539-9591-E75840F0E284}"
EndProject
Project("{2150E333-8FDC-42A3-9474-1A3956D46DE8}") = "Domain", "Domain", "{BD735494-AB13-4F73-963B-C9B1232FB33D}"
EndProject
Project("{FAE04EC0-301F-11D3-BF4B-00C04F79EFBC}") = "StaffPro.Person.Domain", "src\Services\Person\Domain\StaffPro.Person.Domain\StaffPro.Person.Domain.csproj", "{260D2063-3289-4B82-B0C2-F82557F0A107}"
EndProject
Project("{2150E333-8FDC-42A3-9474-1A3956D46DE8}") = "Tests", "Tests", "{BD496B60-5705-477C-94B5-356B114FF4F7}"
EndProject
Project("{FAE04EC0-301F-11D3-BF4B-00C04F79EFBC}") = "StaffPro.Person.Tests.Unit", "src\Services\Person\Domain\Tests\StaffPro.Person.Tests.Unit\StaffPro.Person.Tests.Unit.csproj", "{222E7C7C-CE59-4F45-9480-DF4C1FC581D7}"
EndProject
Global
	GlobalSection(SolutionConfigurationPlatforms) = preSolution
		Debug|Any CPU = Debug|Any CPU
		Release|Any CPU = Release|Any CPU
	EndGlobalSection
	GlobalSection(SolutionProperties) = preSolution
		HideSolutionNode = FALSE
	EndGlobalSection
	GlobalSection(ProjectConfigurationPlatforms) = postSolution
		{260D2063-3289-4B82-B0C2-F82557F0A107}.Debug|Any CPU.ActiveCfg = Debug|Any CPU
		{260D2063-3289-4B82-B0C2-F82557F0A107}.Debug|Any CPU.Build.0 = Debug|Any CPU
		{260D2063-3289-4B82-B0C2-F82557F0A107}.Release|Any CPU.ActiveCfg = Release|Any CPU
		{260D2063-3289-4B82-B0C2-F82557F0A107}.Release|Any CPU.Build.0 = Release|Any CPU
		{222E7C7C-CE59-4F45-9480-DF4C1FC581D7}.Debug|Any CPU.ActiveCfg = Debug|Any CPU
		{222E7C7C-CE59-4F45-9480-DF4C1FC581D7}.Debug|Any CPU.Build.0 = Debug|Any CPU
		{222E7C7C-CE59-4F45-9480-DF4C1FC581D7}.Release|Any CPU.ActiveCfg = Release|Any CPU
		{222E7C7C-CE59-4F45-9480-DF4C1FC581D7}.Release|Any CPU.Build.0 = Release|Any CPU
	EndGlobalSection
	GlobalSection(NestedProjects) = preSolution
		{8A318E0C-5DC8-4A19-863F-C5A2D2EF6D05} = {1ABA523A-EBA1-429A-85E6-D731546E0615}
		{B97621B3-9616-4539-9591-E75840F0E284} = {8A318E0C-5DC8-4A19-863F-C5A2D2EF6D05}
		{BD735494-AB13-4F73-963B-C9B1232FB33D} = {B97621B3-9616-4539-9591-E75840F0E284}
		{260D2063-3289-4B82-B0C2-F82557F0A107} = {BD735494-AB13-4F73-963B-C9B1232FB33D}
		{BD496B60-5705-477C-94B5-356B114FF4F7} = {BD735494-AB13-4F73-963B-C9B1232FB33D}
		{222E7C7C-CE59-4F45-9480-DF4C1FC581D7} = {BD496B60-5705-477C-94B5-356B114FF4F7}
	EndGlobalSection
EndGlobal
