
Microsoft Visual Studio Solution File, Format Version 12.00
# Visual Studio Version 17
VisualStudioVersion = 17.5.002.0
MinimumVisualStudioVersion = 10.0.40219.1
Project("{9A19103F-16F7-4668-BE54-9A1E7A4F7556}") = "StaffPro.Person.Domain", "StaffPro.Person.Domain.csproj", "{59A2DB79-0F27-43C8-A62B-1F6C73A533DF}"
EndProject
Global
	GlobalSection(SolutionConfigurationPlatforms) = preSolution
		Debug|Any CPU = Debug|Any CPU
		Release|Any CPU = Release|Any CPU
	EndGlobalSection
	GlobalSection(ProjectConfigurationPlatforms) = postSolution
		{59A2DB79-0F27-43C8-A62B-1F6C73A533DF}.Debug|Any CPU.ActiveCfg = Debug|Any CPU
		{59A2DB79-0F27-43C8-A62B-1F6C73A533DF}.Debug|Any CPU.Build.0 = Debug|Any CPU
		{59A2DB79-0F27-43C8-A62B-1F6C73A533DF}.Release|Any CPU.ActiveCfg = Release|Any CPU
		{59A2DB79-0F27-43C8-A62B-1F6C73A533DF}.Release|Any CPU.Build.0 = Release|Any CPU
	EndGlobalSection
	GlobalSection(SolutionProperties) = preSolution
		HideSolutionNode = FALSE
	EndGlobalSection
	GlobalSection(ExtensibilityGlobals) = postSolution
		SolutionGuid = {D01B7465-5A29-44A3-B186-98212D9892DF}
	EndGlobalSection
EndGlobal
